
Microsoft Visual Studio Solution File, Format Version 12.00
# Visual Studio Version 17
VisualStudioVersion = 17.7.34031.279
MinimumVisualStudioVersion = 10.0.40219.1
Project("{FAE04EC0-301F-11D3-BF4B-00C04F79EFBC}") = "ArchCompProg", "ArchCompProg\ArchCompProg.csproj", "{F44B30E4-736D-413A-8F3F-EFC9501D9503}"
EndProject
Global
	GlobalSection(SolutionConfigurationPlatforms) = preSolution
		Debug|Any CPU = Debug|Any CPU
		Release|Any CPU = Release|Any CPU
	EndGlobalSection
	GlobalSection(ProjectConfigurationPlatforms) = postSolution
		{F44B30E4-736D-413A-8F3F-EFC9501D9503}.Debug|Any CPU.ActiveCfg = Debug|Any CPU
		{F44B30E4-736D-413A-8F3F-EFC9501D9503}.Debug|Any CPU.Build.0 = Debug|Any CPU
		{F44B30E4-736D-413A-8F3F-EFC9501D9503}.Release|Any CPU.ActiveCfg = Release|Any CPU
		{F44B30E4-736D-413A-8F3F-EFC9501D9503}.Release|Any CPU.Build.0 = Release|Any CPU
	EndGlobalSection
	GlobalSection(SolutionProperties) = preSolution
		HideSolutionNode = FALSE
	EndGlobalSection
	GlobalSection(ExtensibilityGlobals) = postSolution
		SolutionGuid = {DCACEA87-1573-4627-AA04-8DEACA364356}
	EndGlobalSection
EndGlobal
